# This file is autogenerated, do not edit; changes may be undone by the next 'dep ensure'.


[[projects]]
  name = "cloud.google.com/go"
  packages = ["compute/metadata"]
  revision = "050b16d2314d5fc3d4c9a51e4cd5c7468e77f162"
  version = "v0.17.0"

[[projects]]
  name = "github.com/Azure/azure-sdk-for-go"
  packages = [
    "arm/compute",
    "arm/network",
    "arm/resources/resources",
    "arm/resources/subscriptions",
    "arm/storage",
    "storage"
  ]
  revision = "91f3d4a4d024e3c0d4d9412916d05cf84504a616"
  version = "v5.0.0-beta"

[[projects]]
  branch = "master"
  name = "github.com/Azure/go-ansiterm"
  packages = [
    ".",
    "winterm"
  ]
  revision = "d6e3b3328b783f23731bc4d058875b0371ff8109"

[[projects]]
  name = "github.com/Azure/go-autorest"
  packages = [
    "autorest",
    "autorest/azure",
    "autorest/date",
    "autorest/to",
    "autorest/validation"
  ]
  revision = "a2fdd780c9a50455cecd249b00bdc3eb73a78e31"
  version = "v7.3.1"

[[projects]]
  name = "github.com/Microsoft/go-winio"
  packages = ["."]
  revision = "d8f60f2dd117cd64c2825143a89ecb6f158ad743"

[[projects]]
  name = "github.com/Nvveen/Gotty"
  packages = ["."]
  revision = "a8b993ba6abdb0e0c12b0125c603323a71c7790c"
  source = "https://github.com/ijc25/Gotty.git"

[[projects]]
  name = "github.com/RobotsAndPencils/go-saml"
  packages = ["util"]
  revision = "aa127de49a0111329d9dbd2e19ddf21da90eb931"

[[projects]]
  name = "github.com/ajg/form"
  packages = ["."]
  revision = "523a5da1a92f01b01f840b61689c0340a0243532"

[[projects]]
  name = "github.com/andrestc/docker-machine-driver-cloudstack"
  packages = ["."]
  revision = "563f3c06f14033aec0a80225e63615aa531ff88f"
  version = "v0.7.0"

[[projects]]
  name = "github.com/aws/aws-sdk-go"
  packages = [
    "aws",
    "aws/awserr",
    "aws/awsutil",
    "aws/client",
    "aws/client/metadata",
    "aws/corehandlers",
    "aws/credentials",
    "aws/credentials/ec2rolecreds",
    "aws/credentials/endpointcreds",
    "aws/credentials/stscreds",
    "aws/defaults",
    "aws/ec2metadata",
    "aws/endpoints",
    "aws/request",
    "aws/session",
    "aws/signer/v4",
    "internal/shareddefaults",
    "private/protocol",
    "private/protocol/ec2query",
    "private/protocol/query",
    "private/protocol/query/queryutil",
    "private/protocol/rest",
    "private/protocol/xml/xmlutil",
    "service/ec2",
    "service/sts"
  ]
  revision = "fd9b7491525896e01db35c1e20a5bd94bf11491c"
  version = "v1.12.48"

[[projects]]
  name = "github.com/beorn7/perks"
  packages = ["quantile"]
  revision = "4c0e84591b9aa9e6dcfdf3e020114cd81f89d5f9"

[[projects]]
  name = "github.com/cenkalti/backoff"
  packages = ["."]
  revision = "8edc80b07f38c27352fb186d971c628a6c32552b"

[[projects]]
  branch = "master"
  name = "github.com/containerd/continuity"
  packages = ["pathdriver"]
  revision = "b2b946a77f5973f420514090d6f6dd58b08303f0"

[[projects]]
  name = "github.com/dgrijalva/jwt-go"
  packages = ["."]
  revision = "01aeca54ebda6e0fbfafd0a524d234159c05ec20"

[[projects]]
  name = "github.com/diego-araujo/go-saml"
  packages = [
    ".",
    "util"
  ]
  revision = "81203d2425377605c5688e55dca1340b614b618d"

[[projects]]
  name = "github.com/digitalocean/godo"
  packages = [
    ".",
    "context"
  ]
  revision = "77ea48de76a7b31b234d854f15d003c68bb2fb90"
  version = "v1.1.1"

[[projects]]
  branch = "master"
  name = "github.com/docker/docker"
  packages = [
    "api/types",
    "api/types/blkiodev",
    "api/types/container",
    "api/types/filters",
    "api/types/mount",
    "api/types/network",
    "api/types/registry",
    "api/types/strslice",
    "api/types/swarm",
    "api/types/swarm/runtime",
    "api/types/versions",
    "opts",
    "pkg/archive",
    "pkg/fileutils",
    "pkg/homedir",
    "pkg/idtools",
    "pkg/ioutils",
    "pkg/jsonmessage",
    "pkg/longpath",
    "pkg/mount",
    "pkg/pools",
    "pkg/stdcopy",
    "pkg/system",
    "pkg/term",
    "pkg/term/windows"
  ]
  revision = "26bc976ac9e379b4432f71394f069dfb1e4d7baf"

[[projects]]
  name = "github.com/docker/go-connections"
  packages = ["nat"]
  revision = "f549a9393d05688dff0992ef3efd8bbe6c628aeb"

[[projects]]
  name = "github.com/docker/go-units"
  packages = ["."]
  revision = "5d2041e26a699eaca682e2ea41c8f891e1060444"

[[projects]]
  name = "github.com/docker/machine"
  packages = [
    "commands/mcndirs",
    "drivers/amazonec2",
    "drivers/azure",
    "drivers/azure/azureutil",
    "drivers/azure/logutil",
    "drivers/digitalocean",
    "drivers/driverutil",
    "drivers/errdriver",
    "drivers/exoscale",
    "drivers/fakedriver",
    "drivers/generic",
    "drivers/google",
    "drivers/hyperv",
    "drivers/none",
    "drivers/openstack",
    "drivers/rackspace",
    "drivers/softlayer",
    "drivers/virtualbox",
    "drivers/vmwarefusion",
    "drivers/vmwarevcloudair",
    "drivers/vmwarevsphere",
    "libmachine",
    "libmachine/auth",
    "libmachine/cert",
    "libmachine/check",
    "libmachine/drivers",
    "libmachine/drivers/plugin",
    "libmachine/drivers/plugin/localbinary",
    "libmachine/drivers/rpc",
    "libmachine/engine",
    "libmachine/host",
    "libmachine/log",
    "libmachine/mcndockerclient",
    "libmachine/mcnerror",
    "libmachine/mcnflag",
    "libmachine/mcnutils",
    "libmachine/persist",
    "libmachine/provision",
    "libmachine/provision/pkgaction",
    "libmachine/provision/serviceaction",
    "libmachine/ssh",
    "libmachine/state",
    "libmachine/swarm",
    "libmachine/version",
    "libmachine/versioncmp",
    "version"
  ]
  revision = "937160559e02cc430fe176991beb9a6ffbfe3de0"
  version = "v0.12.2"

[[projects]]
  branch = "master"
  name = "github.com/fsouza/go-dockerclient"
  packages = [
    ".",
    "testing"
  ]
  revision = "413e380d74dfeddac90c0b89c598a1c7b19f5c54"

[[projects]]
  name = "github.com/ghodss/yaml"
  packages = ["."]
  revision = "0ca9ea5df5451ffdf184b4428c902747c2c11cd7"
  version = "v1.0.0"

[[projects]]
  branch = "master"
  name = "github.com/globalsign/mgo"
  packages = [
    ".",
    "bson",
    "internal/json",
    "internal/sasl",
    "internal/scram"
  ]
  revision = "efe0945164a7e582241f37ae8983c075f8f2e870"

[[projects]]
  name = "github.com/go-ini/ini"
  packages = ["."]
  revision = "32e4c1e6bc4e7d0d8451aa6b75200d19e37a536a"
  version = "v1.32.0"

[[projects]]
  name = "github.com/gogo/protobuf"
  packages = ["proto"]
  revision = "c0656edd0d9eab7c66d1eb0c568f9039345796f7"

[[projects]]
  branch = "master"
  name = "github.com/golang/glog"
  packages = ["."]
  revision = "23def4e6c14b4da8ac2ed8007337bc5eb5007998"

[[projects]]
  name = "github.com/golang/protobuf"
  packages = ["proto"]
  revision = "4bd1920723d7b7c925de087aa32e2187708897f7"

[[projects]]
  name = "github.com/google/go-querystring"
  packages = ["query"]
  revision = "547ef5ac979778feb2f760cdb5f4eae1a2207b86"

[[projects]]
  name = "github.com/gorilla/context"
  packages = ["."]
  revision = "708054d61e5a2918b9f4e9700000ee611dcf03f5"

[[projects]]
  name = "github.com/gorilla/mux"
  packages = ["."]
  revision = "7f08801859139f86dfafd1c296e2cba9a80d292e"
  version = "v1.6.0"

[[projects]]
  name = "github.com/hashicorp/go-version"
  packages = ["."]
  revision = "0181db47023708a38c2d20d2fe25a5fa034d5743"

[[projects]]
  name = "github.com/howeyc/fsnotify"
  packages = ["."]
  revision = "5102fde921d31f59c6e45d835aa01f0213aade0f"

[[projects]]
  name = "github.com/jmespath/go-jmespath"
  packages = ["."]
  revision = "0b12d6b5"

[[projects]]
  name = "github.com/kardianos/osext"
  packages = ["."]
  revision = "10da29423eb9a6269092eebdc2be32209612d9d2"

[[projects]]
  name = "github.com/matttproud/golang_protobuf_extensions"
  packages = ["pbutil"]
  revision = "c12348ce28de40eed0136aa2b644d0ee0650e56c"

[[projects]]
  name = "github.com/mitchellh/mapstructure"
  packages = ["."]
  revision = "ca63d7c062ee3c9f34db231e352b60012b4fd0c1"

[[projects]]
  branch = "master"
  name = "github.com/nu7hatch/gouuid"
  packages = ["."]
  revision = "179d4d0c4d8d407a32af483c2354df1d2c91e6c3"

[[projects]]
  name = "github.com/opencontainers/go-digest"
  packages = ["."]
  revision = "279bed98673dd5bef374d3b6e4b09e2af76183bf"
  version = "v1.0.0-rc1"

[[projects]]
  name = "github.com/opencontainers/image-spec"
  packages = [
    "specs-go",
    "specs-go/v1"
  ]
  revision = "d60099175f88c47cd379c4738d158884749ed235"
  version = "v1.0.1"

[[projects]]
  name = "github.com/opencontainers/runc"
  packages = [
    "libcontainer/system",
    "libcontainer/user"
  ]
  revision = "419d5be191c18eff75a3d0b2a16e20c7a9eb71db"

[[projects]]
  name = "github.com/pkg/errors"
  packages = ["."]
  revision = "645ef00459ed84a119197bfb8d8205042c6df63d"
  version = "v0.8.0"

[[projects]]
  name = "github.com/pmorie/go-open-service-broker-client"
  packages = ["v2"]
  revision = "dca737037ce636eb282e84e3a1c7479c9692e884"
  version = "0.0.10"

[[projects]]
  name = "github.com/prometheus/client_golang"
  packages = ["prometheus"]
  revision = "7993aa4cbec0531b926db082b0d589ad2e4d5e33"

[[projects]]
  name = "github.com/prometheus/client_model"
  packages = ["go"]
  revision = "fa8ad6fec33561be4280a8f0514318c79d7f6cb6"

[[projects]]
  name = "github.com/prometheus/common"
  packages = [
    "expfmt",
    "internal/bitbucket.org/ww/goautoneg",
    "model"
  ]
  revision = "0d5de9d6d8629cb8bee6d4674da4127cd8b615a3"

[[projects]]
  name = "github.com/prometheus/procfs"
  packages = ["."]
  revision = "abf152e5f3e97f2fafac028d2cc06c1feb87ffa5"

[[projects]]
  name = "github.com/pyr/egoscale"
  packages = ["src/egoscale"]
  revision = "ab4b0d7ff424c462da486aef27f354cdeb29a319"

[[projects]]
  name = "github.com/rackspace/gophercloud"
  packages = [
    ".",
    "openstack",
    "openstack/compute/v2/extensions/floatingip",
    "openstack/compute/v2/extensions/keypairs",
    "openstack/compute/v2/extensions/startstop",
    "openstack/compute/v2/flavors",
    "openstack/compute/v2/images",
    "openstack/compute/v2/servers",
    "openstack/identity/v2/tenants",
    "openstack/identity/v2/tokens",
    "openstack/identity/v3/tokens",
    "openstack/networking/v2/extensions/layer3/floatingips",
    "openstack/networking/v2/networks",
    "openstack/networking/v2/ports",
    "openstack/utils",
    "pagination",
    "rackspace",
    "rackspace/identity/v2/tokens",
    "testhelper",
    "testhelper/client"
  ]
  revision = "c90cb954266e1bdd6d1914678fd6909fc5fabbfa"

[[projects]]
  branch = "master"
  name = "github.com/sabhiram/go-gitignore"
  packages = ["."]
  revision = "362f9845770f1606d61ba3ddf9cfb1f0780d2ffe"

[[projects]]
  name = "github.com/sajari/fuzzy"
  packages = ["."]
  revision = "bbbcac964e38148a7b43491a83d83b6b584600dc"

[[projects]]
  name = "github.com/samalba/dockerclient"
  packages = ["."]
  revision = "a3036261847103270e9f732509f43b5f98710ace"

[[projects]]
  name = "github.com/sirupsen/logrus"
  packages = ["."]
  revision = "d682213848ed68c0a260ca37d6dd5ace8423f5ba"
  version = "v1.0.4"

[[projects]]
  name = "github.com/tent/http-link-go"
  packages = ["."]
  revision = "ac974c61c2f990f4115b119354b5e0b47550e888"

[[projects]]
  branch = "master"
  name = "github.com/tsuru/config"
  packages = ["."]
  revision = "1d2644c598466bc4c36c2c878abf3f99ba5bb3ed"

[[projects]]
  branch = "master"
  name = "github.com/tsuru/gnuflag"
  packages = ["."]
  revision = "86b8c1b864aadcf9c94d67bc607ce3f19cbb9aa2"

[[projects]]
  branch = "master"
  name = "github.com/tsuru/go-tsuruclient"
  packages = [
    "pkg/client",
    "pkg/tsuru"
  ]
  revision = "a90e94fce718ffef93405f6cd0989bc0aff3f346"

[[projects]]
  branch = "master"
  name = "github.com/tsuru/monsterqueue"
  packages = [
    ".",
    "log",
    "mongodb"
  ]
  revision = "70e946ec66c3704722539ebf0b8beadf2d43146a"

[[projects]]
  branch = "master"
  name = "github.com/tsuru/tablecli"
  packages = ["."]
  revision = "82de88f75181e580de044c548755a88b164c658b"

[[projects]]
  branch = "master"
  name = "github.com/tsuru/tsuru"
  packages = [
    "action",
    "api/shutdown",
    "app",
    "app/bind",
    "app/image",
    "auth",
    "auth/native",
    "auth/saml",
    "autoscale",
    "builder",
    "cmd",
    "cmd/cmdtest",
    "config",
    "db",
    "db/storage",
    "errors",
    "event",
    "exec",
    "exec/exectest",
    "fs",
    "fs/fstest",
    "git",
    "hc",
    "healer",
    "iaas",
    "iaas/dockermachine",
    "io",
    "log",
    "net",
    "permission",
    "provision",
    "provision/docker/cmds",
    "provision/docker/types",
    "provision/node",
    "provision/nodecontainer",
    "provision/pool",
    "queue",
    "quota",
    "registry",
    "repository",
    "router",
    "router/rebuild",
    "safe",
    "scopedconfig",
    "service",
    "servicemanager",
    "set",
    "storage",
    "types/api",
    "types/app",
    "types/auth",
    "types/event",
    "types/provision",
    "types/quota",
    "types/service",
    "validation",
    "volume"
  ]
  revision = "8d58b89fcf57e0dfa431242c3abbdc600384394b"

[[projects]]
  name = "github.com/vmware/govcloudair"
  packages = [
    ".",
    "types/v56"
  ]
  revision = "66a23eaabc61518f91769939ff541886fe1dceef"
  version = "v0.0.2"

[[projects]]
  name = "github.com/vmware/govmomi"
  packages = [
    ".",
    "find",
    "guest",
    "list",
    "object",
    "property",
    "session",
    "task",
    "vim25",
    "vim25/debug",
    "vim25/methods",
    "vim25/mo",
    "vim25/progress",
    "vim25/soap",
    "vim25/types",
    "vim25/xml"
  ]
  revision = "b932baf416e9101c762b7075f12af5a6fb364627"

[[projects]]
  name = "github.com/xanzy/go-cloudstack"
  packages = ["cloudstack"]
  revision = "5686bcde5af20565d8c7a3f66b5441430ac54186"

[[projects]]
  branch = "master"
  name = "golang.org/x/crypto"
  packages = [
    "bcrypt",
    "blowfish",
    "curve25519",
    "ed25519",
    "ed25519/internal/edwards25519",
    "ssh",
    "ssh/terminal"
  ]
  revision = "94eea52f7b742c7cbe0b03b22f0c4c8631ece122"

[[projects]]
  branch = "master"
  name = "golang.org/x/net"
  packages = [
    "context",
    "context/ctxhttp",
    "websocket"
  ]
  revision = "d866cfc389cec985d6fda2859936a575a55a3ab6"

[[projects]]
  branch = "master"
  name = "golang.org/x/oauth2"
  packages = [
    ".",
    "google",
    "internal",
    "jws",
    "jwt"
  ]
  revision = "462316686f20eb6df426961c1c131bdaa5dfa68e"

[[projects]]
  branch = "master"
  name = "golang.org/x/sys"
  packages = [
    "unix",
    "windows",
    "windows/registry"
  ]
  revision = "571f7bbbe08da2a8955aed9d4db316e78630e9a3"

[[projects]]
  branch = "master"
  name = "google.golang.org/api"
  packages = [
    "compute/v1",
    "gensupport",
    "googleapi",
    "googleapi/internal/uritemplates"
  ]
  revision = "03a4a4fe3d2c5fb0d1a116cf20784fffa259a3d4"

[[projects]]
  name = "google.golang.org/appengine"
  packages = [
    ".",
    "internal",
    "internal/app_identity",
    "internal/base",
    "internal/datastore",
    "internal/log",
    "internal/modules",
    "internal/remote_api",
    "internal/urlfetch",
    "urlfetch"
  ]
  revision = "150dc57a1b433e64154302bdc40b6bb8aefa313a"
  version = "v1.0.0"

[[projects]]
  branch = "v1"
  name = "gopkg.in/check.v1"
  packages = ["."]
  revision = "20d25e2804050c1cd24a7eea1e7a6447dd0e74ec"

[[projects]]
  branch = "v2"
  name = "gopkg.in/mgo.v2"
  packages = [
    ".",
    "bson",
    "internal/json",
    "internal/sasl",
    "internal/scram"
  ]
  revision = "3f83fa5005286a7fe593b055f0d7771a7dce4655"

[[projects]]
  name = "gopkg.in/yaml.v2"
  packages = ["."]
  revision = "53feefa2559fb8dfa8d81baad31be332c97d6c77"

[solve-meta]
  analyzer-name = "dep"
  analyzer-version = 1
  inputs-digest = "46767061c55fae793fe8b9de16ad087b73a60c9a9e2005ced7e0f746b4045cc0"
  solver-name = "gps-cdcl"
  solver-version = 1
